
Microsoft Visual Studio Solution File, Format Version 12.00
# Visual Studio Version 17
VisualStudioVersion = 17.8.34408.163
MinimumVisualStudioVersion = 10.0.40219.1
Project("{FAE04EC0-301F-11D3-BF4B-00C04F79EFBC}") = "DataBaseProject", "DataBaseProject\DataBaseProject.csproj", "{144FE32F-CACD-477B-B80E-85386C4E9278}"
EndProject
Global
	GlobalSection(SolutionConfigurationPlatforms) = preSolution
		Debug|Any CPU = Debug|Any CPU
		Release|Any CPU = Release|Any CPU
	EndGlobalSection
	GlobalSection(ProjectConfigurationPlatforms) = postSolution
		{144FE32F-CACD-477B-B80E-85386C4E9278}.Debug|Any CPU.ActiveCfg = Debug|Any CPU
		{144FE32F-CACD-477B-B80E-85386C4E9278}.Debug|Any CPU.Build.0 = Debug|Any CPU
		{144FE32F-CACD-477B-B80E-85386C4E9278}.Release|Any CPU.ActiveCfg = Release|Any CPU
		{144FE32F-CACD-477B-B80E-85386C4E9278}.Release|Any CPU.Build.0 = Release|Any CPU
	EndGlobalSection
	GlobalSection(SolutionProperties) = preSolution
		HideSolutionNode = FALSE
	EndGlobalSection
	GlobalSection(ExtensibilityGlobals) = postSolution
		SolutionGuid = {A6E7BDCA-A3B8-459B-85B2-1D520535ABE5}
	EndGlobalSection
EndGlobal
